
Microsoft Visual Studio Solution File, Format Version 12.00
# Visual Studio 15
VisualStudioVersion = 15.0.28307.168
MinimumVisualStudioVersion = 10.0.40219.1
Project("{FAE04EC0-301F-11D3-BF4B-00C04F79EFBC}") = "grahamlalor-ie", "grahamlalor-ie\grahamlalor-ie.csproj", "{316390AD-E739-402E-9488-579C5FBCAD32}"
EndProject
Global
	GlobalSection(SolutionConfigurationPlatforms) = preSolution
		Debug|Any CPU = Debug|Any CPU
		Release|Any CPU = Release|Any CPU
	EndGlobalSection
	GlobalSection(ProjectConfigurationPlatforms) = postSolution
		{316390AD-E739-402E-9488-579C5FBCAD32}.Debug|Any CPU.ActiveCfg = Debug|Any CPU
		{316390AD-E739-402E-9488-579C5FBCAD32}.Debug|Any CPU.Build.0 = Debug|Any CPU
		{316390AD-E739-402E-9488-579C5FBCAD32}.Release|Any CPU.ActiveCfg = Release|Any CPU
		{316390AD-E739-402E-9488-579C5FBCAD32}.Release|Any CPU.Build.0 = Release|Any CPU
	EndGlobalSection
	GlobalSection(SolutionProperties) = preSolution
		HideSolutionNode = FALSE
	EndGlobalSection
	GlobalSection(ExtensibilityGlobals) = postSolution
		SolutionGuid = {7A43D9F5-980C-40E3-AF52-6E90F8771458}
	EndGlobalSection
EndGlobal
